uuid: 3d44279b-9d3c-46f6-ac01-23ea47711d0a
langcode: en
status: false
dependencies:
  config:
    - filter.format.canvas_html_block
  module:
    - ckeditor5
  enforced:
    module:
      - canvas
_core:
  default_config_hash: 19_c5TyRhDiqf36PYtB4vYtnKYIJJpckCZZanFLL5kI
format: canvas_html_block
editor: ckeditor5
settings:
  toolbar:
    items:
      - heading
      - '|'
      - bold
      - italic
      - '|'
      - link
      - '|'
      - bulletedList
      - numberedList
      - style
      - alignment
      - '|'
      - blockQuote
      - code
      - '|'
      - sourceEditing
  plugins:
    ckeditor5_alignment:
      enabled_alignments:
        - left
        - center
        - right
        - justify
    ckeditor5_heading:
      enabled_headings:
        - heading2
        - heading3
        - heading4
        - heading5
        - heading6
    ckeditor5_list:
      properties:
        reversed: false
        startIndex: true
        styles: true
      multiBlock: true
    ckeditor5_sourceEditing:
      allowed_tags:
        - '<cite>'
        - '<dl>'
        - '<dt>'
        - '<dd>'
        - '<a hreflang>'
        - '<blockquote cite>'
        - '<h2 id class>'
        - '<h3 id>'
        - '<h4 id>'
        - '<h5 id>'
        - '<h6 id>'
        - '<hr>'
        - '<table>'
        - '<thead>'
        - '<tbody>'
        - '<tr>'
        - '<th scope>'
        - '<td>'
        - '<caption>'
    ckeditor5_style:
      styles:
        -
          label: 'Heading 2 — Sentence'
          element: '<h2 class="is-sentence">'
        -
          label: 'Heading 2 — Miller'
          element: '<h2 class="is-serif">'
        -
          label: 'Paragraph — Large'
          element: '<p class="is-large">'
        -
          label: 'Paragraph — Small'
          element: '<p class="is-small">'
        -
          label: 'Slash list'
          element: '<ul class="list-slash">'
image_upload:
  status: false
